{
  "name": "SmartEconomat",
  "lockfileVersion": 3,
  "requires": true,
  "packages": {
    "": {
      "dependencies": {
        "i18next-fs-backend": "^2.6.3"
      }
    },
    "node_modules/i18next-fs-backend": {
      "version": "2.6.3",
      "resolved": "https://registry.npmjs.org/i18next-fs-backend/-/i18next-fs-backend-2.6.3.tgz",
      "integrity": "sha512-/5aW996nbolGh/qVU9urjAJ2QiXpiyGuhG8x/ZvvZQ3bMlrK+ouUdD6whS4e+sU9CCdUIzl7x/heEjsBh/3xtw==",
      "license": "MIT"
    }
  }
}
